
Microsoft Visual Studio Solution File, Format Version 12.00
# Visual Studio Version 17
VisualStudioVersion = 17.6.33723.286
MinimumVisualStudioVersion = 10.0.40219.1
Project("{8BC9CEB8-8B4A-11D0-8D11-00A0C91BC942}") = "NLauncher", "NLauncher\NLauncher.vcxproj", "{0898584F-6A01-4CD0-B2D2-8019875D3505}"
EndProject
Global
	GlobalSection(SolutionConfigurationPlatforms) = preSolution
		Debug|x64 = Debug|x64
		Release|x64 = Release|x64
	EndGlobalSection
	GlobalSection(ProjectConfigurationPlatforms) = postSolution
		{0898584F-6A01-4CD0-B2D2-8019875D3505}.Debug|x64.ActiveCfg = Debug|x64
		{0898584F-6A01-4CD0-B2D2-8019875D3505}.Debug|x64.Build.0 = Debug|x64
		{0898584F-6A01-4CD0-B2D2-8019875D3505}.Release|x64.ActiveCfg = Release|x64
		{0898584F-6A01-4CD0-B2D2-8019875D3505}.Release|x64.Build.0 = Release|x64
	EndGlobalSection
	GlobalSection(SolutionProperties) = preSolution
		HideSolutionNode = FALSE
	EndGlobalSection
	GlobalSection(ExtensibilityGlobals) = postSolution
		SolutionGuid = {9ADB32DA-59A0-402A-AC2D-0B61BC488F99}
	EndGlobalSection
EndGlobal
